PODS:
  - OpenAIKit (1.8.0)
  - SDWebImage (5.15.4):
    - SDWebImage/Core (= 5.15.4)
  - SDWebImage/Core (5.15.4)

DEPENDENCIES:
  - OpenAIKit (from `../`)
  - SDWebImage

SPEC REPOS:
  trunk:
    - SDWebImage

EXTERNAL SOURCES:
  OpenAIKit:
    :path: "../"

SPEC CHECKSUMS:
  OpenAIKit: b8fe0e542751a809af8246fe8930ff5c5bfe4909
  SDWebImage: 1c39de67663e5eebb2f41324d5d580eeea12dd4c

PODFILE CHECKSUM: 14cb438400b969c56f333517c46fa41b611026f0

COCOAPODS: 1.12.1
